
Microsoft Visual Studio Solution File, Format Version 12.00
# Visual Studio 15
VisualStudioVersion = 15.0.27428.2043
MinimumVisualStudioVersion = 10.0.40219.1
Project("{FAE04EC0-301F-11D3-BF4B-00C04F79EFBC}") = "FileCreation_WindowsApp_NJager", "FileCreation_WindowsApp_NJager\FileCreation_WindowsApp_NJager.csproj", "{9BAEA73A-2E8F-42EF-91BA-4C7EF89D455B}"
EndProject
Global
	GlobalSection(SolutionConfigurationPlatforms) = preSolution
		Debug|Any CPU = Debug|Any CPU
		Release|Any CPU = Release|Any CPU
	EndGlobalSection
	GlobalSection(ProjectConfigurationPlatforms) = postSolution
		{9BAEA73A-2E8F-42EF-91BA-4C7EF89D455B}.Debug|Any CPU.ActiveCfg = Debug|Any CPU
		{9BAEA73A-2E8F-42EF-91BA-4C7EF89D455B}.Debug|Any CPU.Build.0 = Debug|Any CPU
		{9BAEA73A-2E8F-42EF-91BA-4C7EF89D455B}.Release|Any CPU.ActiveCfg = Release|Any CPU
		{9BAEA73A-2E8F-42EF-91BA-4C7EF89D455B}.Release|Any CPU.Build.0 = Release|Any CPU
	EndGlobalSection
	GlobalSection(SolutionProperties) = preSolution
		HideSolutionNode = FALSE
	EndGlobalSection
	GlobalSection(ExtensibilityGlobals) = postSolution
		SolutionGuid = {68185191-747C-45D2-A65A-D234E6C4BAC6}
	EndGlobalSection
EndGlobal
